
Microsoft Visual Studio Solution File, Format Version 12.00
# Visual Studio Version 16
VisualStudioVersion = 16.0.30804.86
MinimumVisualStudioVersion = 10.0.40219.1
Project("{FAE04EC0-301F-11D3-BF4B-00C04F79EFBC}") = "Scheduler", "Scheduler\Scheduler.csproj", "{D9216B72-A914-427E-85DF-FAADEEB1C230}"
EndProject
Global
	GlobalSection(SolutionConfigurationPlatforms) = preSolution
		Debug|Any CPU = Debug|Any CPU
		Release|Any CPU = Release|Any CPU
	EndGlobalSection
	GlobalSection(ProjectConfigurationPlatforms) = postSolution
		{D9216B72-A914-427E-85DF-FAADEEB1C230}.Debug|Any CPU.ActiveCfg = Debug|Any CPU
		{D9216B72-A914-427E-85DF-FAADEEB1C230}.Debug|Any CPU.Build.0 = Debug|Any CPU
		{D9216B72-A914-427E-85DF-FAADEEB1C230}.Release|Any CPU.ActiveCfg = Release|Any CPU
		{D9216B72-A914-427E-85DF-FAADEEB1C230}.Release|Any CPU.Build.0 = Release|Any CPU
	EndGlobalSection
	GlobalSection(SolutionProperties) = preSolution
		HideSolutionNode = FALSE
	EndGlobalSection
	GlobalSection(ExtensibilityGlobals) = postSolution
		SolutionGuid = {06C1AB26-9305-4441-AAF9-DCDC73F362AB}
	EndGlobalSection
EndGlobal
